// !$*UTF8*$!
{
	archiveVersion = 1;
	classes = {
	};
	objectVersion = 48;
	objects = {

/* Begin PBXBuildFile section */
		1D5A866820A0427C00838B79 /* AppDelegate.swift in Sources */ = {isa = PBXBuildFile; fileRef = 1D5A866720A0427C00838B79 /* AppDelegate.swift */; };
		1D5A866A20A0427C00838B79 /* ViewController.swift in Sources */ = {isa = PBXBuildFile; fileRef = 1D5A866920A0427C00838B79 /* ViewController.swift */; };
		1D5A866D20A0427C00838B79 /* Main.storyboard in Resources */ = {isa = PBXBuildFile; fileRef = 1D5A866B20A0427C00838B79 /* Main.storyboard */; };
		1D5A866F20A0427C00838B79 /* Assets.xcassets in Resources */ = {isa = PBXBuildFile; fileRef = 1D5A866E20A0427C00838B79 /* Assets.xcassets */; };
		1D5A867220A0427C00838B79 /* LaunchScreen.storyboard in Resources */ = {isa = PBXBuildFile; fileRef = 1D5A867020A0427C00838B79 /* LaunchScreen.storyboard */; };
		1D5A867D20A0427C00838B79 /* SortVisualizationTests.swift in Sources */ = {isa = PBXBuildFile; fileRef = 1D5A867C20A0427C00838B79 /* SortVisualizationTests.swift */; };
		1D5A868820A0427C00838B79 /* SortVisualizationUITests.swift in Sources */ = {isa = PBXBuildFile; fileRef = 1D5A868720A0427C00838B79 /* SortVisualizationUITests.swift */; };
/* End PBXBuildFile section */

/* Begin PBXContainerItemProxy section */
		1D5A867920A0427C00838B79 /* PBXContainerItemProxy */ = {
			isa = PBXContainerItemProxy;
			containerPortal = 1D5A865C20A0427C00838B79 /* Project object */;
			proxyType = 1;
			remoteGlobalIDString = 1D5A866320A0427C00838B79;
			remoteInfo = SortVisualization;
		};
		1D5A868420A0427C00838B79 /* PBXContainerItemProxy */ = {
			isa = PBXContainerItemProxy;
			containerPortal = 1D5A865C20A0427C00838B79 /* Project object */;
			proxyType = 1;
			remoteGlobalIDString = 1D5A866320A0427C00838B79;
			remoteInfo = SortVisualization;
		};
/* End PBXContainerItemProxy section */

/* Begin PBXFileReference section */
		1D5A866420A0427C00838B79 /* SortVisualization.app */ = {isa = PBXFileReference; explicitFileType = wrapper.application; includeInIndex = 0; path = SortVisualization.app; sourceTree = BUILT_PRODUCTS_DIR; };
		1D5A866720A0427C00838B79 /* AppDelegate.swift */ = {isa = PBXFileReference; lastKnownFileType = sourcecode.swift; path = AppDelegate.swift; sourceTree = "<group>"; };
		1D5A866920A0427C00838B79 /* ViewController.swift */ = {isa = PBXFileReference; lastKnownFileType = sourcecode.swift; path = ViewController.swift; sourceTree = "<group>"; };
		1D5A866C20A0427C00838B79 /* Base */ = {isa = PBXFileReference; lastKnownFileType = file.storyboard; name = Base; path = Base.lproj/Main.storyboard; sourceTree = "<group>"; };
		1D5A866E20A0427C00838B79 /* Assets.xcassets */ = {isa = PBXFileReference; lastKnownFileType = folder.assetcatalog; path = Assets.xcassets; sourceTree = "<group>"; };
		1D5A867120A0427C00838B79 /* Base */ = {isa = PBXFileReference; lastKnownFileType = file.storyboard; name = Base; path = Base.lproj/LaunchScreen.storyboard; sourceTree = "<group>"; };
		1D5A867320A0427C00838B79 /* Info.plist */ = {isa = PBXFileReference; lastKnownFileType = text.plist.xml; path = Info.plist; sourceTree = "<group>"; };
		1D5A867820A0427C00838B79 /* SortVisualizationTests.xctest */ = {isa = PBXFileReference; explicitFileType = wrapper.cfbundle; includeInIndex = 0; path = SortVisualizationTests.xctest; sourceTree = BUILT_PRODUCTS_DIR; };
		1D5A867C20A0427C00838B79 /* SortVisualizationTests.swift */ = {isa = PBXFileReference; lastKnownFileType = sourcecode.swift; path = SortVisualizationTests.swift; sourceTree = "<group>"; };
		1D5A867E20A0427C00838B79 /* Info.plist */ = {isa = PBXFileReference; lastKnownFileType = text.plist.xml; path = Info.plist; sourceTree = "<group>"; };
		1D5A868320A0427C00838B79 /* SortVisualizationUITests.xctest */ = {isa = PBXFileReference; explicitFileType = wrapper.cfbundle; includeInIndex = 0; path = SortVisualizationUITests.xctest; sourceTree = BUILT_PRODUCTS_DIR; };
		1D5A868720A0427C00838B79 /* SortVisualizationUITests.swift */ = {isa = PBXFileReference; lastKnownFileType = sourcecode.swift; path = SortVisualizationUITests.swift; sourceTree = "<group>"; };
		1D5A868920A0427C00838B79 /* Info.plist */ = {isa = PBXFileReference; lastKnownFileType = text.plist.xml; path = Info.plist; sourceTree = "<group>"; };
/* End PBXFileReference section */

/* Begin PBXFrameworksBuildPhase section */
		1D5A866120A0427C00838B79 /* Frameworks */ = {
			isa = PBXFrameworksBuildPhase;
			buildActionMask = 2147483647;
			files = (
			);
			runOnlyForDeploymentPostprocessing = 0;
		};
		1D5A867520A0427C00838B79 /* Frameworks */ = {
			isa = PBXFrameworksBuildPhase;
			buildActionMask = 2147483647;
			files = (
			);
			runOnlyForDeploymentPostprocessing = 0;
		};
		1D5A868020A0427C00838B79 /* Frameworks */ = {
			isa = PBXFrameworksBuildPhase;
			buildActionMask = 2147483647;
			files = (
			);
			runOnlyForDeploymentPostprocessing = 0;
		};
/* End PBXFrameworksBuildPhase section */

/* Begin PBXGroup section */
		1D5A865B20A0427C00838B79 = {
			isa = PBXGroup;
			children = (
				1D5A866620A0427C00838B79 /* SortVisualization */,
				1D5A867B20A0427C00838B79 /* SortVisualizationTests */,
				1D5A868620A0427C00838B79 /* SortVisualizationUITests */,
				1D5A866520A0427C00838B79 /* Products */,
			);
			sourceTree = "<group>";
		};
		1D5A866520A0427C00838B79 /* Products */ = {
			isa = PBXGroup;
			children = (
				1D5A866420A0427C00838B79 /* SortVisualization.app */,
				1D5A867820A0427C00838B79 /* SortVisualizationTests.xctest */,
				1D5A868320A0427C00838B79 /* SortVisualizationUITests.xctest */,
			);
			name = Products;
			sourceTree = "<group>";
		};
		1D5A866620A0427C00838B79 /* SortVisualization */ = {
			isa = PBXGroup;
			children = (
				1D5A866720A0427C00838B79 /* AppDelegate.swift */,
				1D5A866920A0427C00838B79 /* ViewController.swift */,
				1D5A866B20A0427C00838B79 /* Main.storyboard */,
				1D5A866E20A0427C00838B79 /* Assets.xcassets */,
				1D5A867020A0427C00838B79 /* LaunchScreen.storyboard */,
				1D5A867320A0427C00838B79 /* Info.plist */,
			);
			path = SortVisualization;
			sourceTree = "<group>";
		};
		1D5A867B20A0427C00838B79 /* SortVisualizationTests */ = {
			isa = PBXGroup;
			children = (
				1D5A867C20A0427C00838B79 /* SortVisualizationTests.swift */,
				1D5A867E20A0427C00838B79 /* Info.plist */,
			);
			path = SortVisualizationTests;
			sourceTree = "<group>";
		};
		1D5A868620A0427C00838B79 /* SortVisualizationUITests */ = {
			isa = PBXGroup;
			children = (
				1D5A868720A0427C00838B79 /* SortVisualizationUITests.swift */,
				1D5A868920A0427C00838B79 /* Info.plist */,
			);
			path = SortVisualizationUITests;
			sourceTree = "<group>";
		};
/* End PBXGroup section */

/* Begin PBXNativeTarget section */
		1D5A866320A0427C00838B79 /* SortVisualization */ = {
			isa = PBXNativeTarget;
			buildConfigurationList = 1D5A868C20A0427C00838B79 /* Build configuration list for PBXNativeTarget "SortVisualization" */;
			buildPhases = (
				1D5A866020A0427C00838B79 /* Sources */,
				1D5A866120A0427C00838B79 /* Frameworks */,
				1D5A866220A0427C00838B79 /* Resources */,
			);
			buildRules = (
			);
			dependencies = (
			);
			name = SortVisualization;
			productName = SortVisualization;
			productReference = 1D5A866420A0427C00838B79 /* SortVisualization.app */;
			productType = "com.apple.product-type.application";
		};
		1D5A867720A0427C00838B79 /* SortVisualizationTests */ = {
			isa = PBXNativeTarget;
			buildConfigurationList = 1D5A868F20A0427C00838B79 /* Build configuration list for PBXNativeTarget "SortVisualizationTests" */;
			buildPhases = (
				1D5A867420A0427C00838B79 /* Sources */,
				1D5A867520A0427C00838B79 /* Frameworks */,
				1D5A867620A0427C00838B79 /* Resources */,
			);
			buildRules = (
			);
			dependencies = (
				1D5A867A20A0427C00838B79 /* PBXTargetDependency */,
			);
			name = SortVisualizationTests;
			productName = SortVisualizationTests;
			productReference = 1D5A867820A0427C00838B79 /* SortVisualizationTests.xctest */;
			productType = "com.apple.product-type.bundle.unit-test";
		};
		1D5A868220A0427C00838B79 /* SortVisualizationUITests */ = {
			isa = PBXNativeTarget;
			buildConfigurationList = 1D5A869220A0427C00838B79 /* Build configuration list for PBXNativeTarget "SortVisualizationUITests" */;
			buildPhases = (
				1D5A867F20A0427C00838B79 /* Sources */,
				1D5A868020A0427C00838B79 /* Frameworks */,
				1D5A868120A0427C00838B79 /* Resources */,
			);
			buildRules = (
			);
			dependencies = (
				1D5A868520A0427C00838B79 /* PBXTargetDependency */,
			);
			name = SortVisualizationUITests;
			productName = SortVisualizationUITests;
			productReference = 1D5A868320A0427C00838B79 /* SortVisualizationUITests.xctest */;
			productType = "com.apple.product-type.bundle.ui-testing";
		};
/* End PBXNativeTarget section */

/* Begin PBXProject section */
		1D5A865C20A0427C00838B79 /* Project object */ = {
			isa = PBXProject;
			attributes = {
				LastSwiftUpdateCheck = 0920;
				LastUpgradeCheck = 0920;
				ORGANIZATIONNAME = "Oleg Yankiwskyi";
				TargetAttributes = {
					1D5A866320A0427C00838B79 = {
						CreatedOnToolsVersion = 9.2;
						ProvisioningStyle = Automatic;
					};
					1D5A867720A0427C00838B79 = {
						CreatedOnToolsVersion = 9.2;
						ProvisioningStyle = Automatic;
						TestTargetID = 1D5A866320A0427C00838B79;
					};
					1D5A868220A0427C00838B79 = {
						CreatedOnToolsVersion = 9.2;
						ProvisioningStyle = Automatic;
						TestTargetID = 1D5A866320A0427C00838B79;
					};
				};
			};
			buildConfigurationList = 1D5A865F20A0427C00838B79 /* Build configuration list for PBXProject "SortVisualization" */;
			compatibilityVersion = "Xcode 8.0";
			developmentRegion = en;
			hasScannedForEncodings = 0;
			knownRegions = (
				en,
				Base,
			);
			mainGroup = 1D5A865B20A0427C00838B79;
			productRefGroup = 1D5A866520A0427C00838B79 /* Products */;
			projectDirPath = "";
			projectRoot = "";
			targets = (
				1D5A866320A0427C00838B79 /* SortVisualization */,
				1D5A867720A0427C00838B79 /* SortVisualizationTests */,
				1D5A868220A0427C00838B79 /* SortVisualizationUITests */,
			);
		};
/* End PBXProject section */

/* Begin PBXResourcesBuildPhase section */
		1D5A866220A0427C00838B79 /* Resources */ = {
			isa = PBXResourcesBuildPhase;
			buildActionMask = 2147483647;
			files = (
				1D5A867220A0427C00838B79 /* LaunchScreen.storyboard in Resources */,
				1D5A866F20A0427C00838B79 /* Assets.xcassets in Resources */,
				1D5A866D20A0427C00838B79 /* Main.storyboard in Resources */,
			);
			runOnlyForDeploymentPostprocessing = 0;
		};
		1D5A867620A0427C00838B79 /* Resources */ = {
			isa = PBXResourcesBuildPhase;
			buildActionMask = 2147483647;
			files = (
			);
			runOnlyForDeploymentPostprocessing = 0;
		};
		1D5A868120A0427C00838B79 /* Resources */ = {
			isa = PBXResourcesBuildPhase;
			buildActionMask = 2147483647;
			files = (
			);
			runOnlyForDeploymentPostprocessing = 0;
		};
/* End PBXResourcesBuildPhase section */

/* Begin PBXSourcesBuildPhase section */
		1D5A866020A0427C00838B79 /* Sources */ = {
			isa = PBXSourcesBuildPhase;
			buildActionMask = 2147483647;
			files = (
				1D5A866A20A0427C00838B79 /* ViewController.swift in Sources */,
				1D5A866820A0427C00838B79 /* AppDelegate.swift in Sources */,
			);
			runOnlyForDeploymentPostprocessing = 0;
		};
		1D5A867420A0427C00838B79 /* Sources */ = {
			isa = PBXSourcesBuildPhase;
			buildActionMask = 2147483647;
			files = (
				1D5A867D20A0427C00838B79 /* SortVisualizationTests.swift in Sources */,
			);
			runOnlyForDeploymentPostprocessing = 0;
		};
		1D5A867F20A0427C00838B79 /* Sources */ = {
			isa = PBXSourcesBuildPhase;
			buildActionMask = 2147483647;
			files = (
				1D5A868820A0427C00838B79 /* SortVisualizationUITests.swift in Sources */,
			);
			runOnlyForDeploymentPostprocessing = 0;
		};
/* End PBXSourcesBuildPhase section */

/* Begin PBXTargetDependency section */
		1D5A867A20A0427C00838B79 /* PBXTargetDependency */ = {
			isa = PBXTargetDependency;
			target = 1D5A866320A0427C00838B79 /* SortVisualization */;
			targetProxy = 1D5A867920A0427C00838B79 /* PBXContainerItemProxy */;
		};
		1D5A868520A0427C00838B79 /* PBXTargetDependency */ = {
			isa = PBXTargetDependency;
			target = 1D5A866320A0427C00838B79 /* SortVisualization */;
			targetProxy = 1D5A868420A0427C00838B79 /* PBXContainerItemProxy */;
		};
/* End PBXTargetDependency section */

/* Begin PBXVariantGroup section */
		1D5A866B20A0427C00838B79 /* Main.storyboard */ = {
			isa = PBXVariantGroup;
			children = (
				1D5A866C20A0427C00838B79 /* Base */,
			);
			name = Main.storyboard;
			sourceTree = "<group>";
		};
		1D5A867020A0427C00838B79 /* LaunchScreen.storyboard */ = {
			isa = PBXVariantGroup;
			children = (
				1D5A867120A0427C00838B79 /* Base */,
			);
			name = LaunchScreen.storyboard;
			sourceTree = "<group>";
		};
/* End PBXVariantGroup section */

/* Begin XCBuildConfiguration section */
		1D5A868A20A0427C00838B79 /* Debug */ = {
			isa = XCBuildConfiguration;
			buildSettings = {
				ALWAYS_SEARCH_USER_PATHS = NO;
				CLANG_ANALYZER_NONNULL = YES;
				CLANG_ANALYZER_NUMBER_OBJECT_CONVERSION = YES_AGGRESSIVE;
				CLANG_CXX_LANGUAGE_STANDARD = "gnu++14";
				CLANG_CXX_LIBRARY = "libc++";
				CLANG_ENABLE_MODULES = YES;
				CLANG_ENABLE_OBJC_ARC = YES;
				CLANG_WARN_BLOCK_CAPTURE_AUTORELEASING = YES;
				CLANG_WARN_BOOL_CONVERSION = YES;
				CLANG_WARN_COMMA = YES;
				CLANG_WARN_CONSTANT_CONVERSION = YES;
				CLANG_WARN_DIRECT_OBJC_ISA_USAGE = YES_ERROR;
				CLANG_WARN_DOCUMENTATION_COMMENTS = YES;
				CLANG_WARN_EMPTY_BODY = YES;
				CLANG_WARN_ENUM_CONVERSION = YES;
				CLANG_WARN_INFINITE_RECURSION = YES;
				CLANG_WARN_INT_CONVERSION = YES;
				CLANG_WARN_NON_LITERAL_NULL_CONVERSION = YES;
				CLANG_WARN_OBJC_LITERAL_CONVERSION = YES;
				CLANG_WARN_OBJC_ROOT_CLASS = YES_ERROR;
				CLANG_WARN_RANGE_LOOP_ANALYSIS = YES;
				CLANG_WARN_STRICT_PROTOTYPES = YES;
				CLANG_WARN_SUSPICIOUS_MOVE = YES;
				CLANG_WARN_UNGUARDED_AVAILABILITY = YES_AGGRESSIVE;
				CLANG_WARN_UNREACHABLE_CODE = YES;
				CLANG_WARN__DUPLICATE_METHOD_MATCH = YES;
				CODE_SIGN_IDENTITY = "iPhone Developer";
				COPY_PHASE_STRIP = NO;
				DEBUG_INFORMATION_FORMAT = dwarf;
				ENABLE_STRICT_OBJC_MSGSEND = YES;
				ENABLE_TESTABILITY = YES;
				GCC_C_LANGUAGE_STANDARD = gnu11;
				GCC_DYNAMIC_NO_PIC = NO;
				GCC_NO_COMMON_BLOCKS = YES;
				GCC_OPTIMIZATION_LEVEL = 0;
				GCC_PREPROCESSOR_DEFINITIONS = (
					"DEBUG=1",
					"$(inherited)",
				);
				GCC_WARN_64_TO_32_BIT_CONVERSION = YES;
				GCC_WARN_ABOUT_RETURN_TYPE = YES_ERROR;
				GCC_WARN_UNDECLARED_SELECTOR = YES;
				GCC_WARN_UNINITIALIZED_AUTOS = YES_AGGRESSIVE;
				GCC_WARN_UNUSED_FUNCTION = YES;
				GCC_WARN_UNUSED_VARIABLE = YES;
				IPHONEOS_DEPLOYMENT_TARGET = 11.2;
				MTL_ENABLE_DEBUG_INFO = YES;
				ONLY_ACTIVE_ARCH = YES;
				SDKROOT = iphoneos;
				SWIFT_ACTIVE_COMPILATION_CONDITIONS = DEBUG;
				SWIFT_OPTIMIZATION_LEVEL = "-Onone";
			};
			name = Debug;
		};
		1D5A868B20A0427C00838B79 /* Release */ = {
			isa = XCBuildConfiguration;
			buildSettings = {
				ALWAYS_SEARCH_USER_PATHS = NO;
				CLANG_ANALYZER_NONNULL = YES;
				CLANG_ANALYZER_NUMBER_OBJECT_CONVERSION = YES_AGGRESSIVE;
				CLANG_CXX_LANGUAGE_STANDARD = "gnu++14";
				CLANG_CXX_LIBRARY = "libc++";
				CLANG_ENABLE_MODULES = YES;
				CLANG_ENABLE_OBJC_ARC = YES;
				CLANG_WARN_BLOCK_CAPTURE_AUTORELEASING = YES;
				CLANG_WARN_BOOL_CONVERSION = YES;
				CLANG_WARN_COMMA = YES;
				CLANG_WARN_CONSTANT_CONVERSION = YES;
				CLANG_WARN_DIRECT_OBJC_ISA_USAGE = YES_ERROR;
				CLANG_WARN_DOCUMENTATION_COMMENTS = YES;
				CLANG_WARN_EMPTY_BODY = YES;
				CLANG_WARN_ENUM_CONVERSION = YES;
				CLANG_WARN_INFINITE_RECURSION = YES;
				CLANG_WARN_INT_CONVERSION = YES;
				CLANG_WARN_NON_LITERAL_NULL_CONVERSION = YES;
				CLANG_WARN_OBJC_LITERAL_CONVERSION = YES;
				CLANG_WARN_OBJC_ROOT_CLASS = YES_ERROR;
				CLANG_WARN_RANGE_LOOP_ANALYSIS = YES;
				CLANG_WARN_STRICT_PROTOTYPES = YES;
				CLANG_WARN_SUSPICIOUS_MOVE = YES;
				CLANG_WARN_UNGUARDED_AVAILABILITY = YES_AGGRESSIVE;
				CLANG_WARN_UNREACHABLE_CODE = YES;
				CLANG_WARN__DUPLICATE_METHOD_MATCH = YES;
				CODE_SIGN_IDENTITY = "iPhone Developer";
				COPY_PHASE_STRIP = NO;
				DEBUG_INFORMATION_FORMAT = "dwarf-with-dsym";
				ENABLE_NS_ASSERTIONS = NO;
				ENABLE_STRICT_OBJC_MSGSEND = YES;
				GCC_C_LANGUAGE_STANDARD = gnu11;
				GCC_NO_COMMON_BLOCKS = YES;
				GCC_WARN_64_TO_32_BIT_CONVERSION = YES;
				GCC_WARN_ABOUT_RETURN_TYPE = YES_ERROR;
				GCC_WARN_UNDECLARED_SELECTOR = YES;
				GCC_WARN_UNINITIALIZED_AUTOS = YES_AGGRESSIVE;
				GCC_WARN_UNUSED_FUNCTION = YES;
				GCC_WARN_UNUSED_VARIABLE = YES;
				IPHONEOS_DEPLOYMENT_TARGET = 11.2;
				MTL_ENABLE_DEBUG_INFO = NO;
				SDKROOT = iphoneos;
				SWIFT_OPTIMIZATION_LEVEL = "-Owholemodule";
				VALIDATE_PRODUCT = YES;
			};
			name = Release;
		};
		1D5A868D20A0427C00838B79 /* Debug */ = {
			isa = XCBuildConfiguration;
			buildSettings = {
				ASSETCATALOG_COMPILER_APPICON_NAME = AppIcon;
				CODE_SIGN_STYLE = Automatic;
				INFOPLIST_FILE = SortVisualization/Info.plist;
				LD_RUNPATH_SEARCH_PATHS = "$(inherited) @executable_path/Frameworks";
				PRODUCT_BUNDLE_IDENTIFIER = com.olegyanki.SortVisualization;
				PRODUCT_NAME = "$(TARGET_NAME)";
				SWIFT_VERSION = 4.0;
				TARGETED_DEVICE_FAMILY = "1,2";
			};
			name = Debug;
		};
		1D5A868E20A0427C00838B79 /* Release */ = {
			isa = XCBuildConfiguration;
			buildSettings = {
				ASSETCATALOG_COMPILER_APPICON_NAME = AppIcon;
				CODE_SIGN_STYLE = Automatic;
				INFOPLIST_FILE = SortVisualization/Info.plist;
				LD_RUNPATH_SEARCH_PATHS = "$(inherited) @executable_path/Frameworks";
				PRODUCT_BUNDLE_IDENTIFIER = com.olegyanki.SortVisualization;
				PRODUCT_NAME = "$(TARGET_NAME)";
				SWIFT_VERSION = 4.0;
				TARGETED_DEVICE_FAMILY = "1,2";
			};
			name = Release;
		};
		1D5A869020A0427C00838B79 /* Debug */ = {
			isa = XCBuildConfiguration;
			buildSettings = {
				ALWAYS_EMBED_SWIFT_STANDARD_LIBRARIES = YES;
				BUNDLE_LOADER = "$(TEST_HOST)";
				CODE_SIGN_STYLE = Automatic;
				INFOPLIST_FILE = SortVisualizationTests/Info.plist;
				LD_RUNPATH_SEARCH_PATHS = "$(inherited) @executable_path/Frameworks @loader_path/Frameworks";
				PRODUCT_BUNDLE_IDENTIFIER = com.olegyanki.SortVisualizationTests;
				PRODUCT_NAME = "$(TARGET_NAME)";
				SWIFT_VERSION = 4.0;
				TARGETED_DEVICE_FAMILY = "1,2";
				TEST_HOST = "$(BUILT_PRODUCTS_DIR)/SortVisualization.app/SortVisualization";
			};
			name = Debug;
		};
		1D5A869120A0427C00838B79 /* Release */ = {
			isa = XCBuildConfiguration;
			buildSettings = {
				ALWAYS_EMBED_SWIFT_STANDARD_LIBRARIES = YES;
				BUNDLE_LOADER = "$(TEST_HOST)";
				CODE_SIGN_STYLE = Automatic;
				INFOPLIST_FILE = SortVisualizationTests/Info.plist;
				LD_RUNPATH_SEARCH_PATHS = "$(inherited) @executable_path/Frameworks @loader_path/Frameworks";
				PRODUCT_BUNDLE_IDENTIFIER = com.olegyanki.SortVisualizationTests;
				PRODUCT_NAME = "$(TARGET_NAME)";
				SWIFT_VERSION = 4.0;
				TARGETED_DEVICE_FAMILY = "1,2";
				TEST_HOST = "$(BUILT_PRODUCTS_DIR)/SortVisualization.app/SortVisualization";
			};
			name = Release;
		};
		1D5A869320A0427C00838B79 /* Debug */ = {
			isa = XCBuildConfiguration;
			buildSettings = {
				ALWAYS_EMBED_SWIFT_STANDARD_LIBRARIES = YES;
				CODE_SIGN_STYLE = Automatic;
				INFOPLIST_FILE = SortVisualizationUITests/Info.plist;
				LD_RUNPATH_SEARCH_PATHS = "$(inherited) @executable_path/Frameworks @loader_path/Frameworks";
				PRODUCT_BUNDLE_IDENTIFIER = com.olegyanki.SortVisualizationUITests;
				PRODUCT_NAME = "$(TARGET_NAME)";
				SWIFT_VERSION = 4.0;
				TARGETED_DEVICE_FAMILY = "1,2";
				TEST_TARGET_NAME = SortVisualization;
			};
			name = Debug;
		};
		1D5A869420A0427C00838B79 /* Release */ = {
			isa = XCBuildConfiguration;
			buildSettings = {
				ALWAYS_EMBED_SWIFT_STANDARD_LIBRARIES = YES;
				CODE_SIGN_STYLE = Automatic;
				INFOPLIST_FILE = SortVisualizationUITests/Info.plist;
				LD_RUNPATH_SEARCH_PATHS = "$(inherited) @executable_path/Frameworks @loader_path/Frameworks";
				PRODUCT_BUNDLE_IDENTIFIER = com.olegyanki.SortVisualizationUITests;
				PRODUCT_NAME = "$(TARGET_NAME)";
				SWIFT_VERSION = 4.0;
				TARGETED_DEVICE_FAMILY = "1,2";
				TEST_TARGET_NAME = SortVisualization;
			};
			name = Release;
		};
/* End XCBuildConfiguration section */

/* Begin XCConfigurationList section */
		1D5A865F20A0427C00838B79 /* Build configuration list for PBXProject "SortVisualization" */ = {
			isa = XCConfigurationList;
			buildConfigurations = (
				1D5A868A20A0427C00838B79 /* Debug */,
				1D5A868B20A0427C00838B79 /* Release */,
			);
			defaultConfigurationIsVisible = 0;
			defaultConfigurationName = Release;
		};
		1D5A868C20A0427C00838B79 /* Build configuration list for PBXNativeTarget "SortVisualization" */ = {
			isa = XCConfigurationList;
			buildConfigurations = (
				1D5A868D20A0427C00838B79 /* Debug */,
				1D5A868E20A0427C00838B79 /* Release */,
			);
			defaultConfigurationIsVisible = 0;
			defaultConfigurationName = Release;
		};
		1D5A868F20A0427C00838B79 /* Build configuration list for PBXNativeTarget "SortVisualizationTests" */ = {
			isa = XCConfigurationList;
			buildConfigurations = (
				1D5A869020A0427C00838B79 /* Debug */,
				1D5A869120A0427C00838B79 /* Release */,
			);
			defaultConfigurationIsVisible = 0;
			defaultConfigurationName = Release;
		};
		1D5A869220A0427C00838B79 /* Build configuration list for PBXNativeTarget "SortVisualizationUITests" */ = {
			isa = XCConfigurationList;
			buildConfigurations = (
				1D5A869320A0427C00838B79 /* Debug */,
				1D5A869420A0427C00838B79 /* Release */,
			);
			defaultConfigurationIsVisible = 0;
			defaultConfigurationName = Release;
		};
/* End XCConfigurationList section */
	};
	rootObject = 1D5A865C20A0427C00838B79 /* Project object */;
}
